// !$*UTF8*$!
{
	archiveVersion = 1;
	classes = {
	};
	objectVersion = 77;
	objects = {

/* Begin PBXContainerItemProxy section */
		8B44B41B2D8F142E0045CF67 /* PBXContainerItemProxy */ = {
			isa = PBXContainerItemProxy;
			containerPortal = 8B44B4022D8F142C0045CF67 /* Project object */;
			proxyType = 1;
			remoteGlobalIDString = 8B44B4092D8F142C0045CF67;
			remoteInfo = SampleApp06;
		};
		8B44B4252D8F142E0045CF67 /* PBXContainerItemProxy */ = {
			isa = PBXContainerItemProxy;
			containerPortal = 8B44B4022D8F142C0045CF67 /* Project object */;
			proxyType = 1;
			remoteGlobalIDString = 8B44B4092D8F142C0045CF67;
			remoteInfo = SampleApp06;
		};
/* End PBXContainerItemProxy section */

/* Begin PBXFileReference section */
		8B128E5D2D92B9AA009A26D0 /* SampleApp06Tests.xctestplan */ = {isa = PBXFileReference; lastKnownFileType = text; path = SampleApp06Tests.xctestplan; sourceTree = "<group>"; };
		8B44B40A2D8F142C0045CF67 /* SampleApp06.app */ = {isa = PBXFileReference; explicitFileType = wrapper.application; includeInIndex = 0; path = SampleApp06.app; sourceTree = BUILT_PRODUCTS_DIR; };
		8B44B41A2D8F142E0045CF67 /* SampleApp06Tests.xctest */ = {isa = PBXFileReference; explicitFileType = wrapper.cfbundle; includeInIndex = 0; path = SampleApp06Tests.xctest; sourceTree = BUILT_PRODUCTS_DIR; };
		8B44B4242D8F142E0045CF67 /* SampleApp06UITests.xctest */ = {isa = PBXFileReference; explicitFileType = wrapper.cfbundle; includeInIndex = 0; path = SampleApp06UITests.xctest; sourceTree = BUILT_PRODUCTS_DIR; };
/* End PBXFileReference section */

/* Begin PBXFileSystemSynchronizedRootGroup section */
		8B44B40C2D8F142C0045CF67 /* SampleApp06 */ = {
			isa = PBXFileSystemSynchronizedRootGroup;
			path = SampleApp06;
			sourceTree = "<group>";
		};
		8B44B41D2D8F142E0045CF67 /* SampleApp06Tests */ = {
			isa = PBXFileSystemSynchronizedRootGroup;
			path = SampleApp06Tests;
			sourceTree = "<group>";
		};
		8B44B4272D8F142E0045CF67 /* SampleApp06UITests */ = {
			isa = PBXFileSystemSynchronizedRootGroup;
			path = SampleApp06UITests;
			sourceTree = "<group>";
		};
/* End PBXFileSystemSynchronizedRootGroup section */

/* Begin PBXFrameworksBuildPhase section */
		8B44B4072D8F142C0045CF67 /* Frameworks */ = {
			isa = PBXFrameworksBuildPhase;
			buildActionMask = 2147483647;
			files = (
			);
			runOnlyForDeploymentPostprocessing = 0;
		};
		8B44B4172D8F142E0045CF67 /* Frameworks */ = {
			isa = PBXFrameworksBuildPhase;
			buildActionMask = 2147483647;
			files = (
			);
			runOnlyForDeploymentPostprocessing = 0;
		};
		8B44B4212D8F142E0045CF67 /* Frameworks */ = {
			isa = PBXFrameworksBuildPhase;
			buildActionMask = 2147483647;
			files = (
			);
			runOnlyForDeploymentPostprocessing = 0;
		};
/* End PBXFrameworksBuildPhase section */

/* Begin PBXGroup section */
		8B44B4012D8F142C0045CF67 = {
			isa = PBXGroup;
			children = (
				8B128E5D2D92B9AA009A26D0 /* SampleApp06Tests.xctestplan */,
				8B44B40C2D8F142C0045CF67 /* SampleApp06 */,
				8B44B41D2D8F142E0045CF67 /* SampleApp06Tests */,
				8B44B4272D8F142E0045CF67 /* SampleApp06UITests */,
				8B44B40B2D8F142C0045CF67 /* Products */,
			);
			sourceTree = "<group>";
		};
		8B44B40B2D8F142C0045CF67 /* Products */ = {
			isa = PBXGroup;
			children = (
				8B44B40A2D8F142C0045CF67 /* SampleApp06.app */,
				8B44B41A2D8F142E0045CF67 /* SampleApp06Tests.xctest */,
				8B44B4242D8F142E0045CF67 /* SampleApp06UITests.xctest */,
			);
			name = Products;
			sourceTree = "<group>";
		};
/* End PBXGroup section */

/* Begin PBXNativeTarget section */
		8B44B4092D8F142C0045CF67 /* SampleApp06 */ = {
			isa = PBXNativeTarget;
			buildConfigurationList = 8B44B42E2D8F142E0045CF67 /* Build configuration list for PBXNativeTarget "SampleApp06" */;
			buildPhases = (
				8B44B4062D8F142C0045CF67 /* Sources */,
				8B44B4072D8F142C0045CF67 /* Frameworks */,
				8B44B4082D8F142C0045CF67 /* Resources */,
			);
			buildRules = (
			);
			dependencies = (
			);
			fileSystemSynchronizedGroups = (
				8B44B40C2D8F142C0045CF67 /* SampleApp06 */,
			);
			name = SampleApp06;
			packageProductDependencies = (
			);
			productName = SampleApp06;
			productReference = 8B44B40A2D8F142C0045CF67 /* SampleApp06.app */;
			productType = "com.apple.product-type.application";
		};
		8B44B4192D8F142E0045CF67 /* SampleApp06Tests */ = {
			isa = PBXNativeTarget;
			buildConfigurationList = 8B44B4312D8F142E0045CF67 /* Build configuration list for PBXNativeTarget "SampleApp06Tests" */;
			buildPhases = (
				8B44B4162D8F142E0045CF67 /* Sources */,
				8B44B4172D8F142E0045CF67 /* Frameworks */,
				8B44B4182D8F142E0045CF67 /* Resources */,
			);
			buildRules = (
			);
			dependencies = (
				8B44B41C2D8F142E0045CF67 /* PBXTargetDependency */,
			);
			fileSystemSynchronizedGroups = (
				8B44B41D2D8F142E0045CF67 /* SampleApp06Tests */,
			);
			name = SampleApp06Tests;
			packageProductDependencies = (
			);
			productName = SampleApp06Tests;
			productReference = 8B44B41A2D8F142E0045CF67 /* SampleApp06Tests.xctest */;
			productType = "com.apple.product-type.bundle.unit-test";
		};
		8B44B4232D8F142E0045CF67 /* SampleApp06UITests */ = {
			isa = PBXNativeTarget;
			buildConfigurationList = 8B44B4342D8F142E0045CF67 /* Build configuration list for PBXNativeTarget "SampleApp06UITests" */;
			buildPhases = (
				8B44B4202D8F142E0045CF67 /* Sources */,
				8B44B4212D8F142E0045CF67 /* Frameworks */,
				8B44B4222D8F142E0045CF67 /* Resources */,
			);
			buildRules = (
			);
			dependencies = (
				8B44B4262D8F142E0045CF67 /* PBXTargetDependency */,
			);
			fileSystemSynchronizedGroups = (
				8B44B4272D8F142E0045CF67 /* SampleApp06UITests */,
			);
			name = SampleApp06UITests;
			packageProductDependencies = (
			);
			productName = SampleApp06UITests;
			productReference = 8B44B4242D8F142E0045CF67 /* SampleApp06UITests.xctest */;
			productType = "com.apple.product-type.bundle.ui-testing";
		};
/* End PBXNativeTarget section */

/* Begin PBXProject section */
		8B44B4022D8F142C0045CF67 /* Project object */ = {
			isa = PBXProject;
			attributes = {
				BuildIndependentTargetsInParallel = 1;
				LastSwiftUpdateCheck = 1610;
				LastUpgradeCheck = 1610;
				TargetAttributes = {
					8B44B4092D8F142C0045CF67 = {
						CreatedOnToolsVersion = 16.1;
					};
					8B44B4192D8F142E0045CF67 = {
						CreatedOnToolsVersion = 16.1;
						TestTargetID = 8B44B4092D8F142C0045CF67;
					};
					8B44B4232D8F142E0045CF67 = {
						CreatedOnToolsVersion = 16.1;
						TestTargetID = 8B44B4092D8F142C0045CF67;
					};
				};
			};
			buildConfigurationList = 8B44B4052D8F142C0045CF67 /* Build configuration list for PBXProject "SampleApp06" */;
			developmentRegion = en;
			hasScannedForEncodings = 0;
			knownRegions = (
				en,
				Base,
			);
			mainGroup = 8B44B4012D8F142C0045CF67;
			minimizedProjectReferenceProxies = 1;
			preferredProjectObjectVersion = 77;
			productRefGroup = 8B44B40B2D8F142C0045CF67 /* Products */;
			projectDirPath = "";
			projectRoot = "";
			targets = (
				8B44B4092D8F142C0045CF67 /* SampleApp06 */,
				8B44B4192D8F142E0045CF67 /* SampleApp06Tests */,
				8B44B4232D8F142E0045CF67 /* SampleApp06UITests */,
			);
		};
/* End PBXProject section */

/* Begin PBXResourcesBuildPhase section */
		8B44B4082D8F142C0045CF67 /* Resources */ = {
			isa = PBXResourcesBuildPhase;
			buildActionMask = 2147483647;
			files = (
			);
			runOnlyForDeploymentPostprocessing = 0;
		};
		8B44B4182D8F142E0045CF67 /* Resources */ = {
			isa = PBXResourcesBuildPhase;
			buildActionMask = 2147483647;
			files = (
			);
			runOnlyForDeploymentPostprocessing = 0;
		};
		8B44B4222D8F142E0045CF67 /* Resources */ = {
			isa = PBXResourcesBuildPhase;
			buildActionMask = 2147483647;
			files = (
			);
			runOnlyForDeploymentPostprocessing = 0;
		};
/* End PBXResourcesBuildPhase section */

/* Begin PBXSourcesBuildPhase section */
		8B44B4062D8F142C0045CF67 /* Sources */ = {
			isa = PBXSourcesBuildPhase;
			buildActionMask = 2147483647;
			files = (
			);
			runOnlyForDeploymentPostprocessing = 0;
		};
		8B44B4162D8F142E0045CF67 /* Sources */ = {
			isa = PBXSourcesBuildPhase;
			buildActionMask = 2147483647;
			files = (
			);
			runOnlyForDeploymentPostprocessing = 0;
		};
		8B44B4202D8F142E0045CF67 /* Sources */ = {
			isa = PBXSourcesBuildPhase;
			buildActionMask = 2147483647;
			files = (
			);
			runOnlyForDeploymentPostprocessing = 0;
		};
/* End PBXSourcesBuildPhase section */

/* Begin PBXTargetDependency section */
		8B44B41C2D8F142E0045CF67 /* PBXTargetDependency */ = {
			isa = PBXTargetDependency;
			target = 8B44B4092D8F142C0045CF67 /* SampleApp06 */;
			targetProxy = 8B44B41B2D8F142E0045CF67 /* PBXContainerItemProxy */;
		};
		8B44B4262D8F142E0045CF67 /* PBXTargetDependency */ = {
			isa = PBXTargetDependency;
			target = 8B44B4092D8F142C0045CF67 /* SampleApp06 */;
			targetProxy = 8B44B4252D8F142E0045CF67 /* PBXContainerItemProxy */;
		};
/* End PBXTargetDependency section */

/* Begin XCBuildConfiguration section */
		8B44B42C2D8F142E0045CF67 /* Debug */ = {
			isa = XCBuildConfiguration;
			buildSettings = {
				ALWAYS_SEARCH_USER_PATHS = NO;
				ASSETCATALOG_COMPILER_GENERATE_SWIFT_ASSET_SYMBOL_EXTENSIONS = YES;
				CLANG_ANALYZER_NONNULL = YES;
				CLANG_ANALYZER_NUMBER_OBJECT_CONVERSION = YES_AGGRESSIVE;
				CLANG_CXX_LANGUAGE_STANDARD = "gnu++20";
				CLANG_ENABLE_MODULES = YES;
				CLANG_ENABLE_OBJC_ARC = YES;
				CLANG_ENABLE_OBJC_WEAK = YES;
				CLANG_WARN_BLOCK_CAPTURE_AUTORELEASING = YES;
				CLANG_WARN_BOOL_CONVERSION = YES;
				CLANG_WARN_COMMA = YES;
				CLANG_WARN_CONSTANT_CONVERSION = YES;
				CLANG_WARN_DEPRECATED_OBJC_IMPLEMENTATIONS = YES;
				CLANG_WARN_DIRECT_OBJC_ISA_USAGE = YES_ERROR;
				CLANG_WARN_DOCUMENTATION_COMMENTS = YES;
				CLANG_WARN_EMPTY_BODY = YES;
				CLANG_WARN_ENUM_CONVERSION = YES;
				CLANG_WARN_INFINITE_RECURSION = YES;
				CLANG_WARN_INT_CONVERSION = YES;
				CLANG_WARN_NON_LITERAL_NULL_CONVERSION = YES;
				CLANG_WARN_OBJC_IMPLICIT_RETAIN_SELF = YES;
				CLANG_WARN_OBJC_LITERAL_CONVERSION = YES;
				CLANG_WARN_OBJC_ROOT_CLASS = YES_ERROR;
				CLANG_WARN_QUOTED_INCLUDE_IN_FRAMEWORK_HEADER = YES;
				CLANG_WARN_RANGE_LOOP_ANALYSIS = YES;
				CLANG_WARN_STRICT_PROTOTYPES = YES;
				CLANG_WARN_SUSPICIOUS_MOVE = YES;
				CLANG_WARN_UNGUARDED_AVAILABILITY = YES_AGGRESSIVE;
				CLANG_WARN_UNREACHABLE_CODE = YES;
				CLANG_WARN__DUPLICATE_METHOD_MATCH = YES;
				COPY_PHASE_STRIP = NO;
				DEBUG_INFORMATION_FORMAT = dwarf;
				ENABLE_STRICT_OBJC_MSGSEND = YES;
				ENABLE_TESTABILITY = YES;
				ENABLE_USER_SCRIPT_SANDBOXING = YES;
				GCC_C_LANGUAGE_STANDARD = gnu17;
				GCC_DYNAMIC_NO_PIC = NO;
				GCC_NO_COMMON_BLOCKS = YES;
				GCC_OPTIMIZATION_LEVEL = 0;
				GCC_PREPROCESSOR_DEFINITIONS = (
					"DEBUG=1",
					"$(inherited)",
				);
				GCC_WARN_64_TO_32_BIT_CONVERSION = YES;
				GCC_WARN_ABOUT_RETURN_TYPE = YES_ERROR;
				GCC_WARN_UNDECLARED_SELECTOR = YES;
				GCC_WARN_UNINITIALIZED_AUTOS = YES_AGGRESSIVE;
				GCC_WARN_UNUSED_FUNCTION = YES;
				GCC_WARN_UNUSED_VARIABLE = YES;
				IPHONEOS_DEPLOYMENT_TARGET = 18.1;
				LOCALIZATION_PREFERS_STRING_CATALOGS = YES;
				MTL_ENABLE_DEBUG_INFO = INCLUDE_SOURCE;
				MTL_FAST_MATH = YES;
				ONLY_ACTIVE_ARCH = YES;
				SDKROOT = iphoneos;
				SWIFT_ACTIVE_COMPILATION_CONDITIONS = "DEBUG $(inherited)";
				SWIFT_OPTIMIZATION_LEVEL = "-Onone";
			};
			name = Debug;
		};
		8B44B42D2D8F142E0045CF67 /* Release */ = {
			isa = XCBuildConfiguration;
			buildSettings = {
				ALWAYS_SEARCH_USER_PATHS = NO;
				ASSETCATALOG_COMPILER_GENERATE_SWIFT_ASSET_SYMBOL_EXTENSIONS = YES;
				CLANG_ANALYZER_NONNULL = YES;
				CLANG_ANALYZER_NUMBER_OBJECT_CONVERSION = YES_AGGRESSIVE;
				CLANG_CXX_LANGUAGE_STANDARD = "gnu++20";
				CLANG_ENABLE_MODULES = YES;
				CLANG_ENABLE_OBJC_ARC = YES;
				CLANG_ENABLE_OBJC_WEAK = YES;
				CLANG_WARN_BLOCK_CAPTURE_AUTORELEASING = YES;
				CLANG_WARN_BOOL_CONVERSION = YES;
				CLANG_WARN_COMMA = YES;
				CLANG_WARN_CONSTANT_CONVERSION = YES;
				CLANG_WARN_DEPRECATED_OBJC_IMPLEMENTATIONS = YES;
				CLANG_WARN_DIRECT_OBJC_ISA_USAGE = YES_ERROR;
				CLANG_WARN_DOCUMENTATION_COMMENTS = YES;
				CLANG_WARN_EMPTY_BODY = YES;
				CLANG_WARN_ENUM_CONVERSION = YES;
				CLANG_WARN_INFINITE_RECURSION = YES;
				CLANG_WARN_INT_CONVERSION = YES;
				CLANG_WARN_NON_LITERAL_NULL_CONVERSION = YES;
				CLANG_WARN_OBJC_IMPLICIT_RETAIN_SELF = YES;
				CLANG_WARN_OBJC_LITERAL_CONVERSION = YES;
				CLANG_WARN_OBJC_ROOT_CLASS = YES_ERROR;
				CLANG_WARN_QUOTED_INCLUDE_IN_FRAMEWORK_HEADER = YES;
				CLANG_WARN_RANGE_LOOP_ANALYSIS = YES;
				CLANG_WARN_STRICT_PROTOTYPES = YES;
				CLANG_WARN_SUSPICIOUS_MOVE = YES;
				CLANG_WARN_UNGUARDED_AVAILABILITY = YES_AGGRESSIVE;
				CLANG_WARN_UNREACHABLE_CODE = YES;
				CLANG_WARN__DUPLICATE_METHOD_MATCH = YES;
				COPY_PHASE_STRIP = NO;
				DEBUG_INFORMATION_FORMAT = "dwarf-with-dsym";
				ENABLE_NS_ASSERTIONS = NO;
				ENABLE_STRICT_OBJC_MSGSEND = YES;
				ENABLE_USER_SCRIPT_SANDBOXING = YES;
				GCC_C_LANGUAGE_STANDARD = gnu17;
				GCC_NO_COMMON_BLOCKS = YES;
				GCC_WARN_64_TO_32_BIT_CONVERSION = YES;
				GCC_WARN_ABOUT_RETURN_TYPE = YES_ERROR;
				GCC_WARN_UNDECLARED_SELECTOR = YES;
				GCC_WARN_UNINITIALIZED_AUTOS = YES_AGGRESSIVE;
				GCC_WARN_UNUSED_FUNCTION = YES;
				GCC_WARN_UNUSED_VARIABLE = YES;
				IPHONEOS_DEPLOYMENT_TARGET = 18.1;
				LOCALIZATION_PREFERS_STRING_CATALOGS = YES;
				MTL_ENABLE_DEBUG_INFO = NO;
				MTL_FAST_MATH = YES;
				SDKROOT = iphoneos;
				SWIFT_COMPILATION_MODE = wholemodule;
				VALIDATE_PRODUCT = YES;
			};
			name = Release;
		};
		8B44B42F2D8F142E0045CF67 /* Debug */ = {
			isa = XCBuildConfiguration;
			buildSettings = {
				ASSETCATALOG_COMPILER_APPICON_NAME = AppIcon;
				ASSETCATALOG_COMPILER_GLOBAL_ACCENT_COLOR_NAME = AccentColor;
				CODE_SIGN_STYLE = Automatic;
				CURRENT_PROJECT_VERSION = 1;
				DEVELOPMENT_ASSET_PATHS = "\"SampleApp06/Preview Content\"";
				ENABLE_PREVIEWS = YES;
				GENERATE_INFOPLIST_FILE = YES;
				INFOPLIST_KEY_UIApplicationSceneManifest_Generation = YES;
				INFOPLIST_KEY_UIApplicationSupportsIndirectInputEvents = YES;
				INFOPLIST_KEY_UILaunchScreen_Generation = YES;
				INFOPLIST_KEY_UIStatusBarHidden = YES;
				INFOPLIST_KEY_UIStatusBarStyle = "";
				INFOPLIST_KEY_UISupportedInterfaceOrientations = UIInterfaceOrientationPortrait;
				INFOPLIST_KEY_UISupportedInterfaceOrientations_iPad = "UIInterfaceOrientationLandscapeLeft UIInterfaceOrientationLandscapeRight UIInterfaceOrientationPortrait";
				IPHONEOS_DEPLOYMENT_TARGET = 18.0;
				LD_RUNPATH_SEARCH_PATHS = (
					"$(inherited)",
					"@executable_path/Frameworks",
				);
				MARKETING_VERSION = 1.0;
				PRODUCT_BUNDLE_IDENTIFIER = trafficlight.SampleApp06;
				PRODUCT_NAME = "$(TARGET_NAME)";
				SUPPORTED_PLATFORMS = "iphoneos iphonesimulator";
				SUPPORTS_MACCATALYST = NO;
				SUPPORTS_MAC_DESIGNED_FOR_IPHONE_IPAD = NO;
				SUPPORTS_XR_DESIGNED_FOR_IPHONE_IPAD = NO;
				SWIFT_EMIT_LOC_STRINGS = YES;
				SWIFT_VERSION = 5.0;
				TARGETED_DEVICE_FAMILY = 1;
			};
			name = Debug;
		};
		8B44B4302D8F142E0045CF67 /* Release */ = {
			isa = XCBuildConfiguration;
			buildSettings = {
				ASSETCATALOG_COMPILER_APPICON_NAME = AppIcon;
				ASSETCATALOG_COMPILER_GLOBAL_ACCENT_COLOR_NAME = AccentColor;
				CODE_SIGN_STYLE = Automatic;
				CURRENT_PROJECT_VERSION = 1;
				DEVELOPMENT_ASSET_PATHS = "\"SampleApp06/Preview Content\"";
				ENABLE_PREVIEWS = YES;
				GENERATE_INFOPLIST_FILE = YES;
				INFOPLIST_KEY_UIApplicationSceneManifest_Generation = YES;
				INFOPLIST_KEY_UIApplicationSupportsIndirectInputEvents = YES;
				INFOPLIST_KEY_UILaunchScreen_Generation = YES;
				INFOPLIST_KEY_UIStatusBarHidden = YES;
				INFOPLIST_KEY_UIStatusBarStyle = "";
				INFOPLIST_KEY_UISupportedInterfaceOrientations = UIInterfaceOrientationPortrait;
				INFOPLIST_KEY_UISupportedInterfaceOrientations_iPad = "UIInterfaceOrientationLandscapeLeft UIInterfaceOrientationLandscapeRight UIInterfaceOrientationPortrait";
				IPHONEOS_DEPLOYMENT_TARGET = 18.0;
				LD_RUNPATH_SEARCH_PATHS = (
					"$(inherited)",
					"@executable_path/Frameworks",
				);
				MARKETING_VERSION = 1.0;
				PRODUCT_BUNDLE_IDENTIFIER = trafficlight.SampleApp06;
				PRODUCT_NAME = "$(TARGET_NAME)";
				SUPPORTED_PLATFORMS = "iphoneos iphonesimulator";
				SUPPORTS_MACCATALYST = NO;
				SUPPORTS_MAC_DESIGNED_FOR_IPHONE_IPAD = NO;
				SUPPORTS_XR_DESIGNED_FOR_IPHONE_IPAD = NO;
				SWIFT_EMIT_LOC_STRINGS = YES;
				SWIFT_VERSION = 5.0;
				TARGETED_DEVICE_FAMILY = 1;
			};
			name = Release;
		};
		8B44B4322D8F142E0045CF67 /* Debug */ = {
			isa = XCBuildConfiguration;
			buildSettings = {
				BUNDLE_LOADER = "$(TEST_HOST)";
				CODE_SIGN_STYLE = Automatic;
				CURRENT_PROJECT_VERSION = 1;
				GENERATE_INFOPLIST_FILE = YES;
				IPHONEOS_DEPLOYMENT_TARGET = 18.1;
				MARKETING_VERSION = 1.0;
				PRODUCT_BUNDLE_IDENTIFIER = trafficlight.SampleApp06Tests;
				PRODUCT_NAME = "$(TARGET_NAME)";
				SWIFT_EMIT_LOC_STRINGS = NO;
				SWIFT_VERSION = 5.0;
				TARGETED_DEVICE_FAMILY = "1,2";
				TEST_HOST = "$(BUILT_PRODUCTS_DIR)/SampleApp06.app/$(BUNDLE_EXECUTABLE_FOLDER_PATH)/SampleApp06";
			};
			name = Debug;
		};
		8B44B4332D8F142E0045CF67 /* Release */ = {
			isa = XCBuildConfiguration;
			buildSettings = {
				BUNDLE_LOADER = "$(TEST_HOST)";
				CODE_SIGN_STYLE = Automatic;
				CURRENT_PROJECT_VERSION = 1;
				GENERATE_INFOPLIST_FILE = YES;
				IPHONEOS_DEPLOYMENT_TARGET = 18.1;
				MARKETING_VERSION = 1.0;
				PRODUCT_BUNDLE_IDENTIFIER = trafficlight.SampleApp06Tests;
				PRODUCT_NAME = "$(TARGET_NAME)";
				SWIFT_EMIT_LOC_STRINGS = NO;
				SWIFT_VERSION = 5.0;
				TARGETED_DEVICE_FAMILY = "1,2";
				TEST_HOST = "$(BUILT_PRODUCTS_DIR)/SampleApp06.app/$(BUNDLE_EXECUTABLE_FOLDER_PATH)/SampleApp06";
			};
			name = Release;
		};
		8B44B4352D8F142E0045CF67 /* Debug */ = {
			isa = XCBuildConfiguration;
			buildSettings = {
				CODE_SIGN_STYLE = Automatic;
				CURRENT_PROJECT_VERSION = 1;
				GENERATE_INFOPLIST_FILE = YES;
				MARKETING_VERSION = 1.0;
				PRODUCT_BUNDLE_IDENTIFIER = trafficlight.SampleApp06UITests;
				PRODUCT_NAME = "$(TARGET_NAME)";
				SWIFT_EMIT_LOC_STRINGS = NO;
				SWIFT_VERSION = 5.0;
				TARGETED_DEVICE_FAMILY = "1,2";
				TEST_TARGET_NAME = SampleApp06;
			};
			name = Debug;
		};
		8B44B4362D8F142E0045CF67 /* Release */ = {
			isa = XCBuildConfiguration;
			buildSettings = {
				CODE_SIGN_STYLE = Automatic;
				CURRENT_PROJECT_VERSION = 1;
				GENERATE_INFOPLIST_FILE = YES;
				MARKETING_VERSION = 1.0;
				PRODUCT_BUNDLE_IDENTIFIER = trafficlight.SampleApp06UITests;
				PRODUCT_NAME = "$(TARGET_NAME)";
				SWIFT_EMIT_LOC_STRINGS = NO;
				SWIFT_VERSION = 5.0;
				TARGETED_DEVICE_FAMILY = "1,2";
				TEST_TARGET_NAME = SampleApp06;
			};
			name = Release;
		};
/* End XCBuildConfiguration section */

/* Begin XCConfigurationList section */
		8B44B4052D8F142C0045CF67 /* Build configuration list for PBXProject "SampleApp06" */ = {
			isa = XCConfigurationList;
			buildConfigurations = (
				8B44B42C2D8F142E0045CF67 /* Debug */,
				8B44B42D2D8F142E0045CF67 /* Release */,
			);
			defaultConfigurationIsVisible = 0;
			defaultConfigurationName = Release;
		};
		8B44B42E2D8F142E0045CF67 /* Build configuration list for PBXNativeTarget "SampleApp06" */ = {
			isa = XCConfigurationList;
			buildConfigurations = (
				8B44B42F2D8F142E0045CF67 /* Debug */,
				8B44B4302D8F142E0045CF67 /* Release */,
			);
			defaultConfigurationIsVisible = 0;
			defaultConfigurationName = Release;
		};
		8B44B4312D8F142E0045CF67 /* Build configuration list for PBXNativeTarget "SampleApp06Tests" */ = {
			isa = XCConfigurationList;
			buildConfigurations = (
				8B44B4322D8F142E0045CF67 /* Debug */,
				8B44B4332D8F142E0045CF67 /* Release */,
			);
			defaultConfigurationIsVisible = 0;
			defaultConfigurationName = Release;
		};
		8B44B4342D8F142E0045CF67 /* Build configuration list for PBXNativeTarget "SampleApp06UITests" */ = {
			isa = XCConfigurationList;
			buildConfigurations = (
				8B44B4352D8F142E0045CF67 /* Debug */,
				8B44B4362D8F142E0045CF67 /* Release */,
			);
			defaultConfigurationIsVisible = 0;
			defaultConfigurationName = Release;
		};
/* End XCConfigurationList section */
	};
	rootObject = 8B44B4022D8F142C0045CF67 /* Project object */;
}
